
Microsoft Visual Studio Solution File, Format Version 12.00
# Visual Studio Version 17
VisualStudioVersion = 17.5.002.0
MinimumVisualStudioVersion = 10.0.40219.1
Project("{9A19103F-16F7-4668-BE54-9A1E7A4F7556}") = "FacturacionWeb", "FacturacionWeb.csproj", "{A8EBA620-2F01-469B-9AF7-6E282DC1C455}"
EndProject
Global
	GlobalSection(SolutionConfigurationPlatforms) = preSolution
		Debug|Any CPU = Debug|Any CPU
		Release|Any CPU = Release|Any CPU
	EndGlobalSection
	GlobalSection(ProjectConfigurationPlatforms) = postSolution
		{A8EBA620-2F01-469B-9AF7-6E282DC1C455}.Debug|Any CPU.ActiveCfg = Debug|Any CPU
		{A8EBA620-2F01-469B-9AF7-6E282DC1C455}.Debug|Any CPU.Build.0 = Debug|Any CPU
		{A8EBA620-2F01-469B-9AF7-6E282DC1C455}.Release|Any CPU.ActiveCfg = Release|Any CPU
		{A8EBA620-2F01-469B-9AF7-6E282DC1C455}.Release|Any CPU.Build.0 = Release|Any CPU
	EndGlobalSection
	GlobalSection(SolutionProperties) = preSolution
		HideSolutionNode = FALSE
	EndGlobalSection
	GlobalSection(ExtensibilityGlobals) = postSolution
		SolutionGuid = {708A06AE-F8A2-4816-86BF-C0EBFFB1EA0F}
	EndGlobalSection
EndGlobal
